
Microsoft Visual Studio Solution File, Format Version 12.00
# Visual Studio Version 16
VisualStudioVersion = 16.0.31624.102
MinimumVisualStudioVersion = 10.0.40219.1
Project("{F184B08F-C81C-45F6-A57F-5ABD9991F28F}") = "InventoryCalculator", "InventoryCalculator\InventoryCalculator.vbproj", "{A7F96E68-EAD5-47F0-855E-78E9E7647633}"
EndProject
Global
	GlobalSection(SolutionConfigurationPlatforms) = preSolution
		Debug|Any CPU = Debug|Any CPU
		Release|Any CPU = Release|Any CPU
	EndGlobalSection
	GlobalSection(ProjectConfigurationPlatforms) = postSolution
		{A7F96E68-EAD5-47F0-855E-78E9E7647633}.Debug|Any CPU.ActiveCfg = Debug|Any CPU
		{A7F96E68-EAD5-47F0-855E-78E9E7647633}.Debug|Any CPU.Build.0 = Debug|Any CPU
		{A7F96E68-EAD5-47F0-855E-78E9E7647633}.Release|Any CPU.ActiveCfg = Release|Any CPU
		{A7F96E68-EAD5-47F0-855E-78E9E7647633}.Release|Any CPU.Build.0 = Release|Any CPU
	EndGlobalSection
	GlobalSection(SolutionProperties) = preSolution
		HideSolutionNode = FALSE
	EndGlobalSection
	GlobalSection(ExtensibilityGlobals) = postSolution
		SolutionGuid = {952118E6-7938-425F-B762-DD0A2A2D8CED}
	EndGlobalSection
EndGlobal
